PODS:
  - AashuDubeyCapacitorStatusbarSafeArea (2.1.1):
    - Capacitor
  - Capacitor (5.2.2):
    - CapacitorCordova
  - CapacitorApp (5.0.6):
    - Capacitor
  - CapacitorBrowser (5.0.6):
    - Capacitor
  - CapacitorClipboard (5.0.6):
    - Capacitor
  - CapacitorCordova (5.2.2)
  - CapacitorDevice (5.0.6):
    - Capacitor
  - CapacitorDialog (5.0.6):
    - Capacitor
  - CapacitorLocalNotifications (5.0.6):
    - Capacitor
  - CapacitorPushNotifications (5.0.6):
    - Capacitor
  - CapacitorShare (5.0.6):
    - Capacitor
  - CapacitorSplashScreen (5.0.6):
    - Capacitor
  - CapacitorStatusBar (5.0.6):
    - Capacitor

DEPENDENCIES:
  - "AashuDubeyCapacitorStatusbarSafeArea (from `../../node_modules/@aashu-dubey/capacitor-statusbar-safe-area`)"
  - "Capacitor (from `../../node_modules/@capacitor/ios`)"
  - "CapacitorApp (from `../../node_modules/@capacitor/app`)"
  - "CapacitorBrowser (from `../../node_modules/@capacitor/browser`)"
  - "CapacitorClipboard (from `../../node_modules/@capacitor/clipboard`)"
  - "CapacitorCordova (from `../../node_modules/@capacitor/ios`)"
  - "CapacitorDevice (from `../../node_modules/@capacitor/device`)"
  - "CapacitorDialog (from `../../node_modules/@capacitor/dialog`)"
  - "CapacitorLocalNotifications (from `../../node_modules/@capacitor/local-notifications`)"
  - "CapacitorPushNotifications (from `../../node_modules/@capacitor/push-notifications`)"
  - "CapacitorShare (from `../../node_modules/@capacitor/share`)"
  - "CapacitorSplashScreen (from `../../node_modules/@capacitor/splash-screen`)"
  - "CapacitorStatusBar (from `../../node_modules/@capacitor/status-bar`)"

EXTERNAL SOURCES:
  AashuDubeyCapacitorStatusbarSafeArea:
    :path: "../../node_modules/@aashu-dubey/capacitor-statusbar-safe-area"
  Capacitor:
    :path: "../../node_modules/@capacitor/ios"
  CapacitorApp:
    :path: "../../node_modules/@capacitor/app"
  CapacitorBrowser:
    :path: "../../node_modules/@capacitor/browser"
  CapacitorClipboard:
    :path: "../../node_modules/@capacitor/clipboard"
  CapacitorCordova:
    :path: "../../node_modules/@capacitor/ios"
  CapacitorDevice:
    :path: "../../node_modules/@capacitor/device"
  CapacitorDialog:
    :path: "../../node_modules/@capacitor/dialog"
  CapacitorLocalNotifications:
    :path: "../../node_modules/@capacitor/local-notifications"
  CapacitorPushNotifications:
    :path: "../../node_modules/@capacitor/push-notifications"
  CapacitorShare:
    :path: "../../node_modules/@capacitor/share"
  CapacitorSplashScreen:
    :path: "../../node_modules/@capacitor/splash-screen"
  CapacitorStatusBar:
    :path: "../../node_modules/@capacitor/status-bar"

SPEC CHECKSUMS:
  AashuDubeyCapacitorStatusbarSafeArea: 4833bf7ac284b54c6650f0d80634552094fd3229
  Capacitor: 070b18988e0f566728ae9a5eb3a7a974595f1626
  CapacitorApp: 024e1b1bea5f883d79f6330d309bc441c88ad04a
  CapacitorBrowser: 6192948e0ce804fd72aaf77f4114a3ad2e08c760
  CapacitorClipboard: 77edf49827ea21da2a9c05c690a4a6a4d07199c4
  CapacitorCordova: 3773395d5331add072300ff6041ca2cf7b93cb0b
  CapacitorDevice: 2c968f98a1ec4d22357418c1521e7ddc46c675e6
  CapacitorDialog: 0f3c15dfe9414b83bc64aef4078f1b92bcfead26
  CapacitorLocalNotifications: c2d8b14794064fd4814b1d6c4ddbac8029afa295
  CapacitorPushNotifications: 7eb70469f1fcc3dec07126336d4896520e4991db
  CapacitorShare: cd41743331cb71d217c029de54b681cbd91e0fcc
  CapacitorSplashScreen: 5fa2ab5e46cf5cc530cf16a51c80c7a986579ccd
  CapacitorStatusBar: 565c0a1ebd79bb40d797606a8992b4a105885309

PODFILE CHECKSUM: 9aa212da1ee705d578da77d61eddd24e1e7e3e2a

COCOAPODS: 1.12.1
